
Microsoft Visual Studio Solution File, Format Version 12.00
# Visual Studio Version 17
VisualStudioVersion = 17.0.31903.59
MinimumVisualStudioVersion = 10.0.40219.1
Project("{2150E333-8FDC-42A3-9474-1A3956D46DE8}") = "Track01-Foundation", "Track01-Foundation", "{E40D0571-3869-F603-5E03-8A2AE0D6020E}"
EndProject
Project("{FAE04EC0-301F-11D3-BF4B-00C04F79EFBC}") = "Step01-XamlShell", "Track01-Foundation\Step01-XamlShell\Step01-XamlShell.csproj", "{1B436538-B155-4982-9ED1-B8B2624EA3E3}"
EndProject
Project("{FAE04EC0-301F-11D3-BF4B-00C04F79EFBC}") = "Step02-StackPanelLayout", "Track01-Foundation\Step02-StackPanelLayout\Step02-StackPanelLayout.csproj", "{9C65FBBB-BCE8-453A-B4E2-BAAE4E4A9CA2}"
EndProject
Project("{FAE04EC0-301F-11D3-BF4B-00C04F79EFBC}") = "Step03-XamlClick", "Track01-Foundation\Step03-XamlClick\Step03-XamlClick.csproj", "{4EC91FBF-F3FA-403C-987C-843A51074A1C}"
EndProject
Project("{FAE04EC0-301F-11D3-BF4B-00C04F79EFBC}") = "Step04-CodeEventSubscription", "Track01-Foundation\Step04-CodeEventSubscription\Step04-CodeEventSubscription.csproj", "{FB3381A2-918E-4F94-9E2A-CCBD95413267}"
EndProject
Project("{FAE04EC0-301F-11D3-BF4B-00C04F79EFBC}") = "Step05-StaticResource", "Track01-Foundation\Step05-StaticResource\Step05-StaticResource.csproj", "{EE280EBE-A9B7-4D7E-B4A6-39F5054280FD}"
EndProject
Project("{FAE04EC0-301F-11D3-BF4B-00C04F79EFBC}") = "Step06-BasicStyle", "Track01-Foundation\Step06-BasicStyle\Step06-BasicStyle.csproj", "{3098B4CF-531E-49FA-AB61-92D4A2AC5EA8}"
EndProject
Project("{FAE04EC0-301F-11D3-BF4B-00C04F79EFBC}") = "Step07-MergedDictionaries", "Track01-Foundation\Step07-MergedDictionaries\Step07-MergedDictionaries.csproj", "{CE0CBFEB-D815-4C78-B9DD-FF6C1A2B2D84}"
EndProject
Project("{2150E333-8FDC-42A3-9474-1A3956D46DE8}") = "Track02-Binding", "Track02-Binding", "{23581C7F-FFCC-655F-DE3E-18781CC3BE4A}"
EndProject
Project("{FAE04EC0-301F-11D3-BF4B-00C04F79EFBC}") = "Step08-ElementNameBinding", "Track02-Binding\Step08-ElementNameBinding\Step08-ElementNameBinding.csproj", "{049CE660-E424-4817-9CA6-E0136C795F0B}"
EndProject
Project("{FAE04EC0-301F-11D3-BF4B-00C04F79EFBC}") = "Step09-ObjectSourceBinding", "Track02-Binding\Step09-ObjectSourceBinding\Step09-ObjectSourceBinding.csproj", "{FA06978B-B7E5-48C1-9C93-204525E88842}"
EndProject
Project("{FAE04EC0-301F-11D3-BF4B-00C04F79EFBC}") = "Step10-DataContext", "Track02-Binding\Step10-DataContext\Step10-DataContext.csproj", "{6F0B66DE-1AD8-41CC-8714-059C200233E1}"
EndProject
Project("{FAE04EC0-301F-11D3-BF4B-00C04F79EFBC}") = "Step11-BindingModes", "Track02-Binding\Step11-BindingModes\Step11-BindingModes.csproj", "{F825F9D1-6E0A-4D4B-B31B-8DE9B2051B1E}"
EndProject
Project("{FAE04EC0-301F-11D3-BF4B-00C04F79EFBC}") = "Step12-UpdateSourceTrigger", "Track02-Binding\Step12-UpdateSourceTrigger\Step12-UpdateSourceTrigger.csproj", "{606EAA05-6E4E-4D6F-93C7-D0A69FA42E61}"
EndProject
Project("{FAE04EC0-301F-11D3-BF4B-00C04F79EFBC}") = "Step13-PropertyChangeNotification", "Track02-Binding\Step13-PropertyChangeNotification\Step13-PropertyChangeNotification.csproj", "{98C07313-0308-4BE3-9314-D901065AE497}"
EndProject
Project("{FAE04EC0-301F-11D3-BF4B-00C04F79EFBC}") = "Step14-ValueConverter", "Track02-Binding\Step14-ValueConverter\Step14-ValueConverter.csproj", "{1AC89283-6AF3-42F7-AD4A-258C5DACB81F}"
EndProject
Project("{2150E333-8FDC-42A3-9474-1A3956D46DE8}") = "Track03-CollectionsAndViews", "Track03-CollectionsAndViews", "{20E29315-56A6-530F-133D-923683DFD77C}"
EndProject
Project("{FAE04EC0-301F-11D3-BF4B-00C04F79EFBC}") = "Step15-ItemsSource", "Track03-CollectionsAndViews\Step15-ItemsSource\Step15-ItemsSource.csproj", "{9582DA8C-0BBD-49A7-A705-A6BFEFFA5977}"
EndProject
Project("{FAE04EC0-301F-11D3-BF4B-00C04F79EFBC}") = "Step16-ObservableCollection", "Track03-CollectionsAndViews\Step16-ObservableCollection\Step16-ObservableCollection.csproj", "{90817BCF-8ECB-4A57-8442-279114EDFB91}"
EndProject
Project("{FAE04EC0-301F-11D3-BF4B-00C04F79EFBC}") = "Step17-DataTemplate", "Track03-CollectionsAndViews\Step17-DataTemplate\Step17-DataTemplate.csproj", "{65886486-106C-4D32-9373-4B4CC0C762AD}"
EndProject
Project("{FAE04EC0-301F-11D3-BF4B-00C04F79EFBC}") = "Step18-CollectionViewCurrentItem", "Track03-CollectionsAndViews\Step18-CollectionViewCurrentItem\Step18-CollectionViewCurrentItem.csproj", "{6C3FA5BF-979D-413F-8832-64961595A465}"
EndProject
Project("{FAE04EC0-301F-11D3-BF4B-00C04F79EFBC}") = "Step19-MasterDetail", "Track03-CollectionsAndViews\Step19-MasterDetail\Step19-MasterDetail.csproj", "{AE7C61F4-F8FE-48CA-A04A-E1370D505741}"
EndProject
Project("{FAE04EC0-301F-11D3-BF4B-00C04F79EFBC}") = "Step20-CollectionViewSort", "Track03-CollectionsAndViews\Step20-CollectionViewSort\Step20-CollectionViewSort.csproj", "{7EDB45B3-0DFE-4B56-9863-2EC9A91A6187}"
EndProject
Project("{FAE04EC0-301F-11D3-BF4B-00C04F79EFBC}") = "Step21-CollectionViewFilter", "Track03-CollectionsAndViews\Step21-CollectionViewFilter\Step21-CollectionViewFilter.csproj", "{A0DEEEC5-8D45-433C-A9D9-3DA891C0DC80}"
EndProject
Project("{FAE04EC0-301F-11D3-BF4B-00C04F79EFBC}") = "Step22-CollectionViewGroup", "Track03-CollectionsAndViews\Step22-CollectionViewGroup\Step22-CollectionViewGroup.csproj", "{632ACC14-9A23-4938-987C-193213660352}"
EndProject
Project("{FAE04EC0-301F-11D3-BF4B-00C04F79EFBC}") = "Step23-CollectionEditing", "Track03-CollectionsAndViews\Step23-CollectionEditing\Step23-CollectionEditing.csproj", "{D6CC1441-42DE-416E-B5E3-53248B694F95}"
EndProject
Project("{2150E333-8FDC-42A3-9474-1A3956D46DE8}") = "Track04-Validation", "Track04-Validation", "{A2E62030-E7CA-6997-0634-1743D3ECE821}"
EndProject
Project("{FAE04EC0-301F-11D3-BF4B-00C04F79EFBC}") = "Step24-ValidationRule", "Track04-Validation\Step24-ValidationRule\Step24-ValidationRule.csproj", "{BD7B5CD2-44EC-48AD-860B-A0536E606986}"
EndProject
Project("{FAE04EC0-301F-11D3-BF4B-00C04F79EFBC}") = "Step25-BindingGroup", "Track04-Validation\Step25-BindingGroup\Step25-BindingGroup.csproj", "{789CFAA3-FE2D-4BD1-9E53-3FBC83C158DB}"
EndProject
Project("{FAE04EC0-301F-11D3-BF4B-00C04F79EFBC}") = "Step26-ItemBindingGroup", "Track04-Validation\Step26-ItemBindingGroup\Step26-ItemBindingGroup.csproj", "{0503566D-A5E0-49A0-BE9F-8F52EA95FDF2}"
EndProject
Project("{2150E333-8FDC-42A3-9474-1A3956D46DE8}") = "Track05-WpfFramework", "Track05-WpfFramework", "{10B179C3-4CE1-EBBC-BC14-CDBF2CB30948}"
EndProject
Project("{FAE04EC0-301F-11D3-BF4B-00C04F79EFBC}") = "Step27-BasedOnStyle", "Track05-WpfFramework\Step27-BasedOnStyle\Step27-BasedOnStyle.csproj", "{D148FA58-A7B7-4F7F-9828-D599A8E20A7F}"
EndProject
Project("{FAE04EC0-301F-11D3-BF4B-00C04F79EFBC}") = "Step28-ControlTemplate", "Track05-WpfFramework\Step28-ControlTemplate\Step28-ControlTemplate.csproj", "{65CD9C2F-2B29-427F-8EFD-4F49147C0E4C}"
EndProject
Project("{FAE04EC0-301F-11D3-BF4B-00C04F79EFBC}") = "Step29-ValidationErrorTemplate", "Track05-WpfFramework\Step29-ValidationErrorTemplate\Step29-ValidationErrorTemplate.csproj", "{B214A833-7017-49B8-9701-4825F5423D45}"
EndProject
Project("{FAE04EC0-301F-11D3-BF4B-00C04F79EFBC}") = "Step30-DataTrigger", "Track05-WpfFramework\Step30-DataTrigger\Step30-DataTrigger.csproj", "{D71A229E-E636-4B4F-B584-19E2ADC2F419}"
EndProject
Project("{FAE04EC0-301F-11D3-BF4B-00C04F79EFBC}") = "Step31-RoutedEvents", "Track05-WpfFramework\Step31-RoutedEvents\Step31-RoutedEvents.csproj", "{F66C79F6-43E8-4BFC-9F59-7DD0C0BE1BBE}"
EndProject
Project("{FAE04EC0-301F-11D3-BF4B-00C04F79EFBC}") = "Step32-RoutedCommand", "Track05-WpfFramework\Step32-RoutedCommand\Step32-RoutedCommand.csproj", "{A04EDFDE-CE2D-4BEF-A339-97B244E054BA}"
EndProject
Project("{FAE04EC0-301F-11D3-BF4B-00C04F79EFBC}") = "Step33-DependencyPropertyValues", "Track05-WpfFramework\Step33-DependencyPropertyValues\Step33-DependencyPropertyValues.csproj", "{0FCAEE23-0DEC-4174-AC44-326E1B2A3A5E}"
EndProject
Project("{FAE04EC0-301F-11D3-BF4B-00C04F79EFBC}") = "Step34-RegisterDependencyProperty", "Track05-WpfFramework\Step34-RegisterDependencyProperty\Step34-RegisterDependencyProperty.csproj", "{50040ECA-5BBA-4422-968A-8DD21AA03007}"
EndProject
Project("{FAE04EC0-301F-11D3-BF4B-00C04F79EFBC}") = "Step34-Compare-PlainClrProperty", "Track05-WpfFramework\Step34-Compare-PlainClrProperty\Step34-Compare-PlainClrProperty.csproj", "{8E2F1B4A-9C3D-4F5E-A1B2-C3D4E5F60718}"
EndProject
Project("{FAE04EC0-301F-11D3-BF4B-00C04F79EFBC}") = "Step35-DependencyPropertyCallbacks", "Track05-WpfFramework\Step35-DependencyPropertyCallbacks\Step35-DependencyPropertyCallbacks.csproj", "{436066CA-C2D3-48B2-BA97-8BAAC99110D1}"
EndProject
Project("{2150E333-8FDC-42A3-9474-1A3956D46DE8}") = "Track06-ApplicationAndMvvm", "Track06-ApplicationAndMvvm", "{F3886E0C-07C2-A4CA-CDE9-1BCBE9350231}"
EndProject
Project("{FAE04EC0-301F-11D3-BF4B-00C04F79EFBC}") = "Step36-ApplicationScope", "Track06-ApplicationAndMvvm\Step36-ApplicationScope\Step36-ApplicationScope.csproj", "{7F0262F9-0772-40CA-B370-AD14DE8CF687}"
EndProject
Project("{FAE04EC0-301F-11D3-BF4B-00C04F79EFBC}") = "Step37-ViewModelDataContext", "Track06-ApplicationAndMvvm\Step37-ViewModelDataContext\Step37-ViewModelDataContext.csproj", "{6832CA7D-7424-4E41-829C-4AFF41E03AF9}"
EndProject
Project("{FAE04EC0-301F-11D3-BF4B-00C04F79EFBC}") = "Step38-RelayCommandMvvm", "Track06-ApplicationAndMvvm\Step38-RelayCommandMvvm\Step38-RelayCommandMvvm.csproj", "{CA7408B8-D188-4F3D-8C38-16F82DAE081A}"
EndProject
Project("{FAE04EC0-301F-11D3-BF4B-00C04F79EFBC}") = "Step39-CommunityToolkitMvvm", "Track06-ApplicationAndMvvm\Step39-CommunityToolkitMvvm\Step39-CommunityToolkitMvvm.csproj", "{7C8D9E0F-1A2B-4C3D-9E4F-5A6B7C8D9E0F}"
EndProject
Global
	GlobalSection(SolutionConfigurationPlatforms) = preSolution
		Debug|Any CPU = Debug|Any CPU
		Debug|x64 = Debug|x64
		Debug|x86 = Debug|x86
		Release|Any CPU = Release|Any CPU
		Release|x64 = Release|x64
		Release|x86 = Release|x86
	EndGlobalSection
	GlobalSection(ProjectConfigurationPlatforms) = postSolution
		{1B436538-B155-4982-9ED1-B8B2624EA3E3}.Debug|Any CPU.ActiveCfg = Debug|Any CPU
		{1B436538-B155-4982-9ED1-B8B2624EA3E3}.Debug|Any CPU.Build.0 = Debug|Any CPU
		{1B436538-B155-4982-9ED1-B8B2624EA3E3}.Debug|x64.ActiveCfg = Debug|Any CPU
		{1B436538-B155-4982-9ED1-B8B2624EA3E3}.Debug|x64.Build.0 = Debug|Any CPU
		{1B436538-B155-4982-9ED1-B8B2624EA3E3}.Debug|x86.ActiveCfg = Debug|Any CPU
		{1B436538-B155-4982-9ED1-B8B2624EA3E3}.Debug|x86.Build.0 = Debug|Any CPU
		{1B436538-B155-4982-9ED1-B8B2624EA3E3}.Release|Any CPU.ActiveCfg = Release|Any CPU
		{1B436538-B155-4982-9ED1-B8B2624EA3E3}.Release|Any CPU.Build.0 = Release|Any CPU
		{1B436538-B155-4982-9ED1-B8B2624EA3E3}.Release|x64.ActiveCfg = Release|Any CPU
		{1B436538-B155-4982-9ED1-B8B2624EA3E3}.Release|x64.Build.0 = Release|Any CPU
		{1B436538-B155-4982-9ED1-B8B2624EA3E3}.Release|x86.ActiveCfg = Release|Any CPU
		{1B436538-B155-4982-9ED1-B8B2624EA3E3}.Release|x86.Build.0 = Release|Any CPU
		{9C65FBBB-BCE8-453A-B4E2-BAAE4E4A9CA2}.Debug|Any CPU.ActiveCfg = Debug|Any CPU
		{9C65FBBB-BCE8-453A-B4E2-BAAE4E4A9CA2}.Debug|Any CPU.Build.0 = Debug|Any CPU
		{9C65FBBB-BCE8-453A-B4E2-BAAE4E4A9CA2}.Debug|x64.ActiveCfg = Debug|Any CPU
		{9C65FBBB-BCE8-453A-B4E2-BAAE4E4A9CA2}.Debug|x64.Build.0 = Debug|Any CPU
		{9C65FBBB-BCE8-453A-B4E2-BAAE4E4A9CA2}.Debug|x86.ActiveCfg = Debug|Any CPU
		{9C65FBBB-BCE8-453A-B4E2-BAAE4E4A9CA2}.Debug|x86.Build.0 = Debug|Any CPU
		{9C65FBBB-BCE8-453A-B4E2-BAAE4E4A9CA2}.Release|Any CPU.ActiveCfg = Release|Any CPU
		{9C65FBBB-BCE8-453A-B4E2-BAAE4E4A9CA2}.Release|Any CPU.Build.0 = Release|Any CPU
		{9C65FBBB-BCE8-453A-B4E2-BAAE4E4A9CA2}.Release|x64.ActiveCfg = Release|Any CPU
		{9C65FBBB-BCE8-453A-B4E2-BAAE4E4A9CA2}.Release|x64.Build.0 = Release|Any CPU
		{9C65FBBB-BCE8-453A-B4E2-BAAE4E4A9CA2}.Release|x86.ActiveCfg = Release|Any CPU
		{9C65FBBB-BCE8-453A-B4E2-BAAE4E4A9CA2}.Release|x86.Build.0 = Release|Any CPU
		{4EC91FBF-F3FA-403C-987C-843A51074A1C}.Debug|Any CPU.ActiveCfg = Debug|Any CPU
		{4EC91FBF-F3FA-403C-987C-843A51074A1C}.Debug|Any CPU.Build.0 = Debug|Any CPU
		{4EC91FBF-F3FA-403C-987C-843A51074A1C}.Debug|x64.ActiveCfg = Debug|Any CPU
		{4EC91FBF-F3FA-403C-987C-843A51074A1C}.Debug|x64.Build.0 = Debug|Any CPU
		{4EC91FBF-F3FA-403C-987C-843A51074A1C}.Debug|x86.ActiveCfg = Debug|Any CPU
		{4EC91FBF-F3FA-403C-987C-843A51074A1C}.Debug|x86.Build.0 = Debug|Any CPU
		{4EC91FBF-F3FA-403C-987C-843A51074A1C}.Release|Any CPU.ActiveCfg = Release|Any CPU
		{4EC91FBF-F3FA-403C-987C-843A51074A1C}.Release|Any CPU.Build.0 = Release|Any CPU
		{4EC91FBF-F3FA-403C-987C-843A51074A1C}.Release|x64.ActiveCfg = Release|Any CPU
		{4EC91FBF-F3FA-403C-987C-843A51074A1C}.Release|x64.Build.0 = Release|Any CPU
		{4EC91FBF-F3FA-403C-987C-843A51074A1C}.Release|x86.ActiveCfg = Release|Any CPU
		{4EC91FBF-F3FA-403C-987C-843A51074A1C}.Release|x86.Build.0 = Release|Any CPU
		{FB3381A2-918E-4F94-9E2A-CCBD95413267}.Debug|Any CPU.ActiveCfg = Debug|Any CPU
		{FB3381A2-918E-4F94-9E2A-CCBD95413267}.Debug|Any CPU.Build.0 = Debug|Any CPU
		{FB3381A2-918E-4F94-9E2A-CCBD95413267}.Debug|x64.ActiveCfg = Debug|Any CPU
		{FB3381A2-918E-4F94-9E2A-CCBD95413267}.Debug|x64.Build.0 = Debug|Any CPU
		{FB3381A2-918E-4F94-9E2A-CCBD95413267}.Debug|x86.ActiveCfg = Debug|Any CPU
		{FB3381A2-918E-4F94-9E2A-CCBD95413267}.Debug|x86.Build.0 = Debug|Any CPU
		{FB3381A2-918E-4F94-9E2A-CCBD95413267}.Release|Any CPU.ActiveCfg = Release|Any CPU
		{FB3381A2-918E-4F94-9E2A-CCBD95413267}.Release|Any CPU.Build.0 = Release|Any CPU
		{FB3381A2-918E-4F94-9E2A-CCBD95413267}.Release|x64.ActiveCfg = Release|Any CPU
		{FB3381A2-918E-4F94-9E2A-CCBD95413267}.Release|x64.Build.0 = Release|Any CPU
		{FB3381A2-918E-4F94-9E2A-CCBD95413267}.Release|x86.ActiveCfg = Release|Any CPU
		{FB3381A2-918E-4F94-9E2A-CCBD95413267}.Release|x86.Build.0 = Release|Any CPU
		{EE280EBE-A9B7-4D7E-B4A6-39F5054280FD}.Debug|Any CPU.ActiveCfg = Debug|Any CPU
		{EE280EBE-A9B7-4D7E-B4A6-39F5054280FD}.Debug|Any CPU.Build.0 = Debug|Any CPU
		{EE280EBE-A9B7-4D7E-B4A6-39F5054280FD}.Debug|x64.ActiveCfg = Debug|Any CPU
		{EE280EBE-A9B7-4D7E-B4A6-39F5054280FD}.Debug|x64.Build.0 = Debug|Any CPU
		{EE280EBE-A9B7-4D7E-B4A6-39F5054280FD}.Debug|x86.ActiveCfg = Debug|Any CPU
		{EE280EBE-A9B7-4D7E-B4A6-39F5054280FD}.Debug|x86.Build.0 = Debug|Any CPU
		{EE280EBE-A9B7-4D7E-B4A6-39F5054280FD}.Release|Any CPU.ActiveCfg = Release|Any CPU
		{EE280EBE-A9B7-4D7E-B4A6-39F5054280FD}.Release|Any CPU.Build.0 = Release|Any CPU
		{EE280EBE-A9B7-4D7E-B4A6-39F5054280FD}.Release|x64.ActiveCfg = Release|Any CPU
		{EE280EBE-A9B7-4D7E-B4A6-39F5054280FD}.Release|x64.Build.0 = Release|Any CPU
		{EE280EBE-A9B7-4D7E-B4A6-39F5054280FD}.Release|x86.ActiveCfg = Release|Any CPU
		{EE280EBE-A9B7-4D7E-B4A6-39F5054280FD}.Release|x86.Build.0 = Release|Any CPU
		{3098B4CF-531E-49FA-AB61-92D4A2AC5EA8}.Debug|Any CPU.ActiveCfg = Debug|Any CPU
		{3098B4CF-531E-49FA-AB61-92D4A2AC5EA8}.Debug|Any CPU.Build.0 = Debug|Any CPU
		{3098B4CF-531E-49FA-AB61-92D4A2AC5EA8}.Debug|x64.ActiveCfg = Debug|Any CPU
		{3098B4CF-531E-49FA-AB61-92D4A2AC5EA8}.Debug|x64.Build.0 = Debug|Any CPU
		{3098B4CF-531E-49FA-AB61-92D4A2AC5EA8}.Debug|x86.ActiveCfg = Debug|Any CPU
		{3098B4CF-531E-49FA-AB61-92D4A2AC5EA8}.Debug|x86.Build.0 = Debug|Any CPU
		{3098B4CF-531E-49FA-AB61-92D4A2AC5EA8}.Release|Any CPU.ActiveCfg = Release|Any CPU
		{3098B4CF-531E-49FA-AB61-92D4A2AC5EA8}.Release|Any CPU.Build.0 = Release|Any CPU
		{3098B4CF-531E-49FA-AB61-92D4A2AC5EA8}.Release|x64.ActiveCfg = Release|Any CPU
		{3098B4CF-531E-49FA-AB61-92D4A2AC5EA8}.Release|x64.Build.0 = Release|Any CPU
		{3098B4CF-531E-49FA-AB61-92D4A2AC5EA8}.Release|x86.ActiveCfg = Release|Any CPU
		{3098B4CF-531E-49FA-AB61-92D4A2AC5EA8}.Release|x86.Build.0 = Release|Any CPU
		{CE0CBFEB-D815-4C78-B9DD-FF6C1A2B2D84}.Debug|Any CPU.ActiveCfg = Debug|Any CPU
		{CE0CBFEB-D815-4C78-B9DD-FF6C1A2B2D84}.Debug|Any CPU.Build.0 = Debug|Any CPU
		{CE0CBFEB-D815-4C78-B9DD-FF6C1A2B2D84}.Debug|x64.ActiveCfg = Debug|Any CPU
		{CE0CBFEB-D815-4C78-B9DD-FF6C1A2B2D84}.Debug|x64.Build.0 = Debug|Any CPU
		{CE0CBFEB-D815-4C78-B9DD-FF6C1A2B2D84}.Debug|x86.ActiveCfg = Debug|Any CPU
		{CE0CBFEB-D815-4C78-B9DD-FF6C1A2B2D84}.Debug|x86.Build.0 = Debug|Any CPU
		{CE0CBFEB-D815-4C78-B9DD-FF6C1A2B2D84}.Release|Any CPU.ActiveCfg = Release|Any CPU
		{CE0CBFEB-D815-4C78-B9DD-FF6C1A2B2D84}.Release|Any CPU.Build.0 = Release|Any CPU
		{CE0CBFEB-D815-4C78-B9DD-FF6C1A2B2D84}.Release|x64.ActiveCfg = Release|Any CPU
		{CE0CBFEB-D815-4C78-B9DD-FF6C1A2B2D84}.Release|x64.Build.0 = Release|Any CPU
		{CE0CBFEB-D815-4C78-B9DD-FF6C1A2B2D84}.Release|x86.ActiveCfg = Release|Any CPU
		{CE0CBFEB-D815-4C78-B9DD-FF6C1A2B2D84}.Release|x86.Build.0 = Release|Any CPU
		{049CE660-E424-4817-9CA6-E0136C795F0B}.Debug|Any CPU.ActiveCfg = Debug|Any CPU
		{049CE660-E424-4817-9CA6-E0136C795F0B}.Debug|Any CPU.Build.0 = Debug|Any CPU
		{049CE660-E424-4817-9CA6-E0136C795F0B}.Debug|x64.ActiveCfg = Debug|Any CPU
		{049CE660-E424-4817-9CA6-E0136C795F0B}.Debug|x64.Build.0 = Debug|Any CPU
		{049CE660-E424-4817-9CA6-E0136C795F0B}.Debug|x86.ActiveCfg = Debug|Any CPU
		{049CE660-E424-4817-9CA6-E0136C795F0B}.Debug|x86.Build.0 = Debug|Any CPU
		{049CE660-E424-4817-9CA6-E0136C795F0B}.Release|Any CPU.ActiveCfg = Release|Any CPU
		{049CE660-E424-4817-9CA6-E0136C795F0B}.Release|Any CPU.Build.0 = Release|Any CPU
		{049CE660-E424-4817-9CA6-E0136C795F0B}.Release|x64.ActiveCfg = Release|Any CPU
		{049CE660-E424-4817-9CA6-E0136C795F0B}.Release|x64.Build.0 = Release|Any CPU
		{049CE660-E424-4817-9CA6-E0136C795F0B}.Release|x86.ActiveCfg = Release|Any CPU
		{049CE660-E424-4817-9CA6-E0136C795F0B}.Release|x86.Build.0 = Release|Any CPU
		{FA06978B-B7E5-48C1-9C93-204525E88842}.Debug|Any CPU.ActiveCfg = Debug|Any CPU
		{FA06978B-B7E5-48C1-9C93-204525E88842}.Debug|Any CPU.Build.0 = Debug|Any CPU
		{FA06978B-B7E5-48C1-9C93-204525E88842}.Debug|x64.ActiveCfg = Debug|Any CPU
		{FA06978B-B7E5-48C1-9C93-204525E88842}.Debug|x64.Build.0 = Debug|Any CPU
		{FA06978B-B7E5-48C1-9C93-204525E88842}.Debug|x86.ActiveCfg = Debug|Any CPU
		{FA06978B-B7E5-48C1-9C93-204525E88842}.Debug|x86.Build.0 = Debug|Any CPU
		{FA06978B-B7E5-48C1-9C93-204525E88842}.Release|Any CPU.ActiveCfg = Release|Any CPU
		{FA06978B-B7E5-48C1-9C93-204525E88842}.Release|Any CPU.Build.0 = Release|Any CPU
		{FA06978B-B7E5-48C1-9C93-204525E88842}.Release|x64.ActiveCfg = Release|Any CPU
		{FA06978B-B7E5-48C1-9C93-204525E88842}.Release|x64.Build.0 = Release|Any CPU
		{FA06978B-B7E5-48C1-9C93-204525E88842}.Release|x86.ActiveCfg = Release|Any CPU
		{FA06978B-B7E5-48C1-9C93-204525E88842}.Release|x86.Build.0 = Release|Any CPU
		{6F0B66DE-1AD8-41CC-8714-059C200233E1}.Debug|Any CPU.ActiveCfg = Debug|Any CPU
		{6F0B66DE-1AD8-41CC-8714-059C200233E1}.Debug|Any CPU.Build.0 = Debug|Any CPU
		{6F0B66DE-1AD8-41CC-8714-059C200233E1}.Debug|x64.ActiveCfg = Debug|Any CPU
		{6F0B66DE-1AD8-41CC-8714-059C200233E1}.Debug|x64.Build.0 = Debug|Any CPU
		{6F0B66DE-1AD8-41CC-8714-059C200233E1}.Debug|x86.ActiveCfg = Debug|Any CPU
		{6F0B66DE-1AD8-41CC-8714-059C200233E1}.Debug|x86.Build.0 = Debug|Any CPU
		{6F0B66DE-1AD8-41CC-8714-059C200233E1}.Release|Any CPU.ActiveCfg = Release|Any CPU
		{6F0B66DE-1AD8-41CC-8714-059C200233E1}.Release|Any CPU.Build.0 = Release|Any CPU
		{6F0B66DE-1AD8-41CC-8714-059C200233E1}.Release|x64.ActiveCfg = Release|Any CPU
		{6F0B66DE-1AD8-41CC-8714-059C200233E1}.Release|x64.Build.0 = Release|Any CPU
		{6F0B66DE-1AD8-41CC-8714-059C200233E1}.Release|x86.ActiveCfg = Release|Any CPU
		{6F0B66DE-1AD8-41CC-8714-059C200233E1}.Release|x86.Build.0 = Release|Any CPU
		{F825F9D1-6E0A-4D4B-B31B-8DE9B2051B1E}.Debug|Any CPU.ActiveCfg = Debug|Any CPU
		{F825F9D1-6E0A-4D4B-B31B-8DE9B2051B1E}.Debug|Any CPU.Build.0 = Debug|Any CPU
		{F825F9D1-6E0A-4D4B-B31B-8DE9B2051B1E}.Debug|x64.ActiveCfg = Debug|Any CPU
		{F825F9D1-6E0A-4D4B-B31B-8DE9B2051B1E}.Debug|x64.Build.0 = Debug|Any CPU
		{F825F9D1-6E0A-4D4B-B31B-8DE9B2051B1E}.Debug|x86.ActiveCfg = Debug|Any CPU
		{F825F9D1-6E0A-4D4B-B31B-8DE9B2051B1E}.Debug|x86.Build.0 = Debug|Any CPU
		{F825F9D1-6E0A-4D4B-B31B-8DE9B2051B1E}.Release|Any CPU.ActiveCfg = Release|Any CPU
		{F825F9D1-6E0A-4D4B-B31B-8DE9B2051B1E}.Release|Any CPU.Build.0 = Release|Any CPU
		{F825F9D1-6E0A-4D4B-B31B-8DE9B2051B1E}.Release|x64.ActiveCfg = Release|Any CPU
		{F825F9D1-6E0A-4D4B-B31B-8DE9B2051B1E}.Release|x64.Build.0 = Release|Any CPU
		{F825F9D1-6E0A-4D4B-B31B-8DE9B2051B1E}.Release|x86.ActiveCfg = Release|Any CPU
		{F825F9D1-6E0A-4D4B-B31B-8DE9B2051B1E}.Release|x86.Build.0 = Release|Any CPU
		{606EAA05-6E4E-4D6F-93C7-D0A69FA42E61}.Debug|Any CPU.ActiveCfg = Debug|Any CPU
		{606EAA05-6E4E-4D6F-93C7-D0A69FA42E61}.Debug|Any CPU.Build.0 = Debug|Any CPU
		{606EAA05-6E4E-4D6F-93C7-D0A69FA42E61}.Debug|x64.ActiveCfg = Debug|Any CPU
		{606EAA05-6E4E-4D6F-93C7-D0A69FA42E61}.Debug|x64.Build.0 = Debug|Any CPU
		{606EAA05-6E4E-4D6F-93C7-D0A69FA42E61}.Debug|x86.ActiveCfg = Debug|Any CPU
		{606EAA05-6E4E-4D6F-93C7-D0A69FA42E61}.Debug|x86.Build.0 = Debug|Any CPU
		{606EAA05-6E4E-4D6F-93C7-D0A69FA42E61}.Release|Any CPU.ActiveCfg = Release|Any CPU
		{606EAA05-6E4E-4D6F-93C7-D0A69FA42E61}.Release|Any CPU.Build.0 = Release|Any CPU
		{606EAA05-6E4E-4D6F-93C7-D0A69FA42E61}.Release|x64.ActiveCfg = Release|Any CPU
		{606EAA05-6E4E-4D6F-93C7-D0A69FA42E61}.Release|x64.Build.0 = Release|Any CPU
		{606EAA05-6E4E-4D6F-93C7-D0A69FA42E61}.Release|x86.ActiveCfg = Release|Any CPU
		{606EAA05-6E4E-4D6F-93C7-D0A69FA42E61}.Release|x86.Build.0 = Release|Any CPU
		{98C07313-0308-4BE3-9314-D901065AE497}.Debug|Any CPU.ActiveCfg = Debug|Any CPU
		{98C07313-0308-4BE3-9314-D901065AE497}.Debug|Any CPU.Build.0 = Debug|Any CPU
		{98C07313-0308-4BE3-9314-D901065AE497}.Debug|x64.ActiveCfg = Debug|Any CPU
		{98C07313-0308-4BE3-9314-D901065AE497}.Debug|x64.Build.0 = Debug|Any CPU
		{98C07313-0308-4BE3-9314-D901065AE497}.Debug|x86.ActiveCfg = Debug|Any CPU
		{98C07313-0308-4BE3-9314-D901065AE497}.Debug|x86.Build.0 = Debug|Any CPU
		{98C07313-0308-4BE3-9314-D901065AE497}.Release|Any CPU.ActiveCfg = Release|Any CPU
		{98C07313-0308-4BE3-9314-D901065AE497}.Release|Any CPU.Build.0 = Release|Any CPU
		{98C07313-0308-4BE3-9314-D901065AE497}.Release|x64.ActiveCfg = Release|Any CPU
		{98C07313-0308-4BE3-9314-D901065AE497}.Release|x64.Build.0 = Release|Any CPU
		{98C07313-0308-4BE3-9314-D901065AE497}.Release|x86.ActiveCfg = Release|Any CPU
		{98C07313-0308-4BE3-9314-D901065AE497}.Release|x86.Build.0 = Release|Any CPU
		{1AC89283-6AF3-42F7-AD4A-258C5DACB81F}.Debug|Any CPU.ActiveCfg = Debug|Any CPU
		{1AC89283-6AF3-42F7-AD4A-258C5DACB81F}.Debug|Any CPU.Build.0 = Debug|Any CPU
		{1AC89283-6AF3-42F7-AD4A-258C5DACB81F}.Debug|x64.ActiveCfg = Debug|Any CPU
		{1AC89283-6AF3-42F7-AD4A-258C5DACB81F}.Debug|x64.Build.0 = Debug|Any CPU
		{1AC89283-6AF3-42F7-AD4A-258C5DACB81F}.Debug|x86.ActiveCfg = Debug|Any CPU
		{1AC89283-6AF3-42F7-AD4A-258C5DACB81F}.Debug|x86.Build.0 = Debug|Any CPU
		{1AC89283-6AF3-42F7-AD4A-258C5DACB81F}.Release|Any CPU.ActiveCfg = Release|Any CPU
		{1AC89283-6AF3-42F7-AD4A-258C5DACB81F}.Release|Any CPU.Build.0 = Release|Any CPU
		{1AC89283-6AF3-42F7-AD4A-258C5DACB81F}.Release|x64.ActiveCfg = Release|Any CPU
		{1AC89283-6AF3-42F7-AD4A-258C5DACB81F}.Release|x64.Build.0 = Release|Any CPU
		{1AC89283-6AF3-42F7-AD4A-258C5DACB81F}.Release|x86.ActiveCfg = Release|Any CPU
		{1AC89283-6AF3-42F7-AD4A-258C5DACB81F}.Release|x86.Build.0 = Release|Any CPU
		{9582DA8C-0BBD-49A7-A705-A6BFEFFA5977}.Debug|Any CPU.ActiveCfg = Debug|Any CPU
		{9582DA8C-0BBD-49A7-A705-A6BFEFFA5977}.Debug|Any CPU.Build.0 = Debug|Any CPU
		{9582DA8C-0BBD-49A7-A705-A6BFEFFA5977}.Debug|x64.ActiveCfg = Debug|Any CPU
		{9582DA8C-0BBD-49A7-A705-A6BFEFFA5977}.Debug|x64.Build.0 = Debug|Any CPU
		{9582DA8C-0BBD-49A7-A705-A6BFEFFA5977}.Debug|x86.ActiveCfg = Debug|Any CPU
		{9582DA8C-0BBD-49A7-A705-A6BFEFFA5977}.Debug|x86.Build.0 = Debug|Any CPU
		{9582DA8C-0BBD-49A7-A705-A6BFEFFA5977}.Release|Any CPU.ActiveCfg = Release|Any CPU
		{9582DA8C-0BBD-49A7-A705-A6BFEFFA5977}.Release|Any CPU.Build.0 = Release|Any CPU
		{9582DA8C-0BBD-49A7-A705-A6BFEFFA5977}.Release|x64.ActiveCfg = Release|Any CPU
		{9582DA8C-0BBD-49A7-A705-A6BFEFFA5977}.Release|x64.Build.0 = Release|Any CPU
		{9582DA8C-0BBD-49A7-A705-A6BFEFFA5977}.Release|x86.ActiveCfg = Release|Any CPU
		{9582DA8C-0BBD-49A7-A705-A6BFEFFA5977}.Release|x86.Build.0 = Release|Any CPU
		{90817BCF-8ECB-4A57-8442-279114EDFB91}.Debug|Any CPU.ActiveCfg = Debug|Any CPU
		{90817BCF-8ECB-4A57-8442-279114EDFB91}.Debug|Any CPU.Build.0 = Debug|Any CPU
		{90817BCF-8ECB-4A57-8442-279114EDFB91}.Debug|x64.ActiveCfg = Debug|Any CPU
		{90817BCF-8ECB-4A57-8442-279114EDFB91}.Debug|x64.Build.0 = Debug|Any CPU
		{90817BCF-8ECB-4A57-8442-279114EDFB91}.Debug|x86.ActiveCfg = Debug|Any CPU
		{90817BCF-8ECB-4A57-8442-279114EDFB91}.Debug|x86.Build.0 = Debug|Any CPU
		{90817BCF-8ECB-4A57-8442-279114EDFB91}.Release|Any CPU.ActiveCfg = Release|Any CPU
		{90817BCF-8ECB-4A57-8442-279114EDFB91}.Release|Any CPU.Build.0 = Release|Any CPU
		{90817BCF-8ECB-4A57-8442-279114EDFB91}.Release|x64.ActiveCfg = Release|Any CPU
		{90817BCF-8ECB-4A57-8442-279114EDFB91}.Release|x64.Build.0 = Release|Any CPU
		{90817BCF-8ECB-4A57-8442-279114EDFB91}.Release|x86.ActiveCfg = Release|Any CPU
		{90817BCF-8ECB-4A57-8442-279114EDFB91}.Release|x86.Build.0 = Release|Any CPU
		{65886486-106C-4D32-9373-4B4CC0C762AD}.Debug|Any CPU.ActiveCfg = Debug|Any CPU
		{65886486-106C-4D32-9373-4B4CC0C762AD}.Debug|Any CPU.Build.0 = Debug|Any CPU
		{65886486-106C-4D32-9373-4B4CC0C762AD}.Debug|x64.ActiveCfg = Debug|Any CPU
		{65886486-106C-4D32-9373-4B4CC0C762AD}.Debug|x64.Build.0 = Debug|Any CPU
		{65886486-106C-4D32-9373-4B4CC0C762AD}.Debug|x86.ActiveCfg = Debug|Any CPU
		{65886486-106C-4D32-9373-4B4CC0C762AD}.Debug|x86.Build.0 = Debug|Any CPU
		{65886486-106C-4D32-9373-4B4CC0C762AD}.Release|Any CPU.ActiveCfg = Release|Any CPU
		{65886486-106C-4D32-9373-4B4CC0C762AD}.Release|Any CPU.Build.0 = Release|Any CPU
		{65886486-106C-4D32-9373-4B4CC0C762AD}.Release|x64.ActiveCfg = Release|Any CPU
		{65886486-106C-4D32-9373-4B4CC0C762AD}.Release|x64.Build.0 = Release|Any CPU
		{65886486-106C-4D32-9373-4B4CC0C762AD}.Release|x86.ActiveCfg = Release|Any CPU
		{65886486-106C-4D32-9373-4B4CC0C762AD}.Release|x86.Build.0 = Release|Any CPU
		{6C3FA5BF-979D-413F-8832-64961595A465}.Debug|Any CPU.ActiveCfg = Debug|Any CPU
		{6C3FA5BF-979D-413F-8832-64961595A465}.Debug|Any CPU.Build.0 = Debug|Any CPU
		{6C3FA5BF-979D-413F-8832-64961595A465}.Debug|x64.ActiveCfg = Debug|Any CPU
		{6C3FA5BF-979D-413F-8832-64961595A465}.Debug|x64.Build.0 = Debug|Any CPU
		{6C3FA5BF-979D-413F-8832-64961595A465}.Debug|x86.ActiveCfg = Debug|Any CPU
		{6C3FA5BF-979D-413F-8832-64961595A465}.Debug|x86.Build.0 = Debug|Any CPU
		{6C3FA5BF-979D-413F-8832-64961595A465}.Release|Any CPU.ActiveCfg = Release|Any CPU
		{6C3FA5BF-979D-413F-8832-64961595A465}.Release|Any CPU.Build.0 = Release|Any CPU
		{6C3FA5BF-979D-413F-8832-64961595A465}.Release|x64.ActiveCfg = Release|Any CPU
		{6C3FA5BF-979D-413F-8832-64961595A465}.Release|x64.Build.0 = Release|Any CPU
		{6C3FA5BF-979D-413F-8832-64961595A465}.Release|x86.ActiveCfg = Release|Any CPU
		{6C3FA5BF-979D-413F-8832-64961595A465}.Release|x86.Build.0 = Release|Any CPU
		{AE7C61F4-F8FE-48CA-A04A-E1370D505741}.Debug|Any CPU.ActiveCfg = Debug|Any CPU
		{AE7C61F4-F8FE-48CA-A04A-E1370D505741}.Debug|Any CPU.Build.0 = Debug|Any CPU
		{AE7C61F4-F8FE-48CA-A04A-E1370D505741}.Debug|x64.ActiveCfg = Debug|Any CPU
		{AE7C61F4-F8FE-48CA-A04A-E1370D505741}.Debug|x64.Build.0 = Debug|Any CPU
		{AE7C61F4-F8FE-48CA-A04A-E1370D505741}.Debug|x86.ActiveCfg = Debug|Any CPU
		{AE7C61F4-F8FE-48CA-A04A-E1370D505741}.Debug|x86.Build.0 = Debug|Any CPU
		{AE7C61F4-F8FE-48CA-A04A-E1370D505741}.Release|Any CPU.ActiveCfg = Release|Any CPU
		{AE7C61F4-F8FE-48CA-A04A-E1370D505741}.Release|Any CPU.Build.0 = Release|Any CPU
		{AE7C61F4-F8FE-48CA-A04A-E1370D505741}.Release|x64.ActiveCfg = Release|Any CPU
		{AE7C61F4-F8FE-48CA-A04A-E1370D505741}.Release|x64.Build.0 = Release|Any CPU
		{AE7C61F4-F8FE-48CA-A04A-E1370D505741}.Release|x86.ActiveCfg = Release|Any CPU
		{AE7C61F4-F8FE-48CA-A04A-E1370D505741}.Release|x86.Build.0 = Release|Any CPU
		{7EDB45B3-0DFE-4B56-9863-2EC9A91A6187}.Debug|Any CPU.ActiveCfg = Debug|Any CPU
		{7EDB45B3-0DFE-4B56-9863-2EC9A91A6187}.Debug|Any CPU.Build.0 = Debug|Any CPU
		{7EDB45B3-0DFE-4B56-9863-2EC9A91A6187}.Debug|x64.ActiveCfg = Debug|Any CPU
		{7EDB45B3-0DFE-4B56-9863-2EC9A91A6187}.Debug|x64.Build.0 = Debug|Any CPU
		{7EDB45B3-0DFE-4B56-9863-2EC9A91A6187}.Debug|x86.ActiveCfg = Debug|Any CPU
		{7EDB45B3-0DFE-4B56-9863-2EC9A91A6187}.Debug|x86.Build.0 = Debug|Any CPU
		{7EDB45B3-0DFE-4B56-9863-2EC9A91A6187}.Release|Any CPU.ActiveCfg = Release|Any CPU
		{7EDB45B3-0DFE-4B56-9863-2EC9A91A6187}.Release|Any CPU.Build.0 = Release|Any CPU
		{7EDB45B3-0DFE-4B56-9863-2EC9A91A6187}.Release|x64.ActiveCfg = Release|Any CPU
		{7EDB45B3-0DFE-4B56-9863-2EC9A91A6187}.Release|x64.Build.0 = Release|Any CPU
		{7EDB45B3-0DFE-4B56-9863-2EC9A91A6187}.Release|x86.ActiveCfg = Release|Any CPU
		{7EDB45B3-0DFE-4B56-9863-2EC9A91A6187}.Release|x86.Build.0 = Release|Any CPU
		{A0DEEEC5-8D45-433C-A9D9-3DA891C0DC80}.Debug|Any CPU.ActiveCfg = Debug|Any CPU
		{A0DEEEC5-8D45-433C-A9D9-3DA891C0DC80}.Debug|Any CPU.Build.0 = Debug|Any CPU
		{A0DEEEC5-8D45-433C-A9D9-3DA891C0DC80}.Debug|x64.ActiveCfg = Debug|Any CPU
		{A0DEEEC5-8D45-433C-A9D9-3DA891C0DC80}.Debug|x64.Build.0 = Debug|Any CPU
		{A0DEEEC5-8D45-433C-A9D9-3DA891C0DC80}.Debug|x86.ActiveCfg = Debug|Any CPU
		{A0DEEEC5-8D45-433C-A9D9-3DA891C0DC80}.Debug|x86.Build.0 = Debug|Any CPU
		{A0DEEEC5-8D45-433C-A9D9-3DA891C0DC80}.Release|Any CPU.ActiveCfg = Release|Any CPU
		{A0DEEEC5-8D45-433C-A9D9-3DA891C0DC80}.Release|Any CPU.Build.0 = Release|Any CPU
		{A0DEEEC5-8D45-433C-A9D9-3DA891C0DC80}.Release|x64.ActiveCfg = Release|Any CPU
		{A0DEEEC5-8D45-433C-A9D9-3DA891C0DC80}.Release|x64.Build.0 = Release|Any CPU
		{A0DEEEC5-8D45-433C-A9D9-3DA891C0DC80}.Release|x86.ActiveCfg = Release|Any CPU
		{A0DEEEC5-8D45-433C-A9D9-3DA891C0DC80}.Release|x86.Build.0 = Release|Any CPU
		{632ACC14-9A23-4938-987C-193213660352}.Debug|Any CPU.ActiveCfg = Debug|Any CPU
		{632ACC14-9A23-4938-987C-193213660352}.Debug|Any CPU.Build.0 = Debug|Any CPU
		{632ACC14-9A23-4938-987C-193213660352}.Debug|x64.ActiveCfg = Debug|Any CPU
		{632ACC14-9A23-4938-987C-193213660352}.Debug|x64.Build.0 = Debug|Any CPU
		{632ACC14-9A23-4938-987C-193213660352}.Debug|x86.ActiveCfg = Debug|Any CPU
		{632ACC14-9A23-4938-987C-193213660352}.Debug|x86.Build.0 = Debug|Any CPU
		{632ACC14-9A23-4938-987C-193213660352}.Release|Any CPU.ActiveCfg = Release|Any CPU
		{632ACC14-9A23-4938-987C-193213660352}.Release|Any CPU.Build.0 = Release|Any CPU
		{632ACC14-9A23-4938-987C-193213660352}.Release|x64.ActiveCfg = Release|Any CPU
		{632ACC14-9A23-4938-987C-193213660352}.Release|x64.Build.0 = Release|Any CPU
		{632ACC14-9A23-4938-987C-193213660352}.Release|x86.ActiveCfg = Release|Any CPU
		{632ACC14-9A23-4938-987C-193213660352}.Release|x86.Build.0 = Release|Any CPU
		{D6CC1441-42DE-416E-B5E3-53248B694F95}.Debug|Any CPU.ActiveCfg = Debug|Any CPU
		{D6CC1441-42DE-416E-B5E3-53248B694F95}.Debug|Any CPU.Build.0 = Debug|Any CPU
		{D6CC1441-42DE-416E-B5E3-53248B694F95}.Debug|x64.ActiveCfg = Debug|Any CPU
		{D6CC1441-42DE-416E-B5E3-53248B694F95}.Debug|x64.Build.0 = Debug|Any CPU
		{D6CC1441-42DE-416E-B5E3-53248B694F95}.Debug|x86.ActiveCfg = Debug|Any CPU
		{D6CC1441-42DE-416E-B5E3-53248B694F95}.Debug|x86.Build.0 = Debug|Any CPU
		{D6CC1441-42DE-416E-B5E3-53248B694F95}.Release|Any CPU.ActiveCfg = Release|Any CPU
		{D6CC1441-42DE-416E-B5E3-53248B694F95}.Release|Any CPU.Build.0 = Release|Any CPU
		{D6CC1441-42DE-416E-B5E3-53248B694F95}.Release|x64.ActiveCfg = Release|Any CPU
		{D6CC1441-42DE-416E-B5E3-53248B694F95}.Release|x64.Build.0 = Release|Any CPU
		{D6CC1441-42DE-416E-B5E3-53248B694F95}.Release|x86.ActiveCfg = Release|Any CPU
		{D6CC1441-42DE-416E-B5E3-53248B694F95}.Release|x86.Build.0 = Release|Any CPU
		{BD7B5CD2-44EC-48AD-860B-A0536E606986}.Debug|Any CPU.ActiveCfg = Debug|Any CPU
		{BD7B5CD2-44EC-48AD-860B-A0536E606986}.Debug|Any CPU.Build.0 = Debug|Any CPU
		{BD7B5CD2-44EC-48AD-860B-A0536E606986}.Debug|x64.ActiveCfg = Debug|Any CPU
		{BD7B5CD2-44EC-48AD-860B-A0536E606986}.Debug|x64.Build.0 = Debug|Any CPU
		{BD7B5CD2-44EC-48AD-860B-A0536E606986}.Debug|x86.ActiveCfg = Debug|Any CPU
		{BD7B5CD2-44EC-48AD-860B-A0536E606986}.Debug|x86.Build.0 = Debug|Any CPU
		{BD7B5CD2-44EC-48AD-860B-A0536E606986}.Release|Any CPU.ActiveCfg = Release|Any CPU
		{BD7B5CD2-44EC-48AD-860B-A0536E606986}.Release|Any CPU.Build.0 = Release|Any CPU
		{BD7B5CD2-44EC-48AD-860B-A0536E606986}.Release|x64.ActiveCfg = Release|Any CPU
		{BD7B5CD2-44EC-48AD-860B-A0536E606986}.Release|x64.Build.0 = Release|Any CPU
		{BD7B5CD2-44EC-48AD-860B-A0536E606986}.Release|x86.ActiveCfg = Release|Any CPU
		{BD7B5CD2-44EC-48AD-860B-A0536E606986}.Release|x86.Build.0 = Release|Any CPU
		{789CFAA3-FE2D-4BD1-9E53-3FBC83C158DB}.Debug|Any CPU.ActiveCfg = Debug|Any CPU
		{789CFAA3-FE2D-4BD1-9E53-3FBC83C158DB}.Debug|Any CPU.Build.0 = Debug|Any CPU
		{789CFAA3-FE2D-4BD1-9E53-3FBC83C158DB}.Debug|x64.ActiveCfg = Debug|Any CPU
		{789CFAA3-FE2D-4BD1-9E53-3FBC83C158DB}.Debug|x64.Build.0 = Debug|Any CPU
		{789CFAA3-FE2D-4BD1-9E53-3FBC83C158DB}.Debug|x86.ActiveCfg = Debug|Any CPU
		{789CFAA3-FE2D-4BD1-9E53-3FBC83C158DB}.Debug|x86.Build.0 = Debug|Any CPU
		{789CFAA3-FE2D-4BD1-9E53-3FBC83C158DB}.Release|Any CPU.ActiveCfg = Release|Any CPU
		{789CFAA3-FE2D-4BD1-9E53-3FBC83C158DB}.Release|Any CPU.Build.0 = Release|Any CPU
		{789CFAA3-FE2D-4BD1-9E53-3FBC83C158DB}.Release|x64.ActiveCfg = Release|Any CPU
		{789CFAA3-FE2D-4BD1-9E53-3FBC83C158DB}.Release|x64.Build.0 = Release|Any CPU
		{789CFAA3-FE2D-4BD1-9E53-3FBC83C158DB}.Release|x86.ActiveCfg = Release|Any CPU
		{789CFAA3-FE2D-4BD1-9E53-3FBC83C158DB}.Release|x86.Build.0 = Release|Any CPU
		{0503566D-A5E0-49A0-BE9F-8F52EA95FDF2}.Debug|Any CPU.ActiveCfg = Debug|Any CPU
		{0503566D-A5E0-49A0-BE9F-8F52EA95FDF2}.Debug|Any CPU.Build.0 = Debug|Any CPU
		{0503566D-A5E0-49A0-BE9F-8F52EA95FDF2}.Debug|x64.ActiveCfg = Debug|Any CPU
		{0503566D-A5E0-49A0-BE9F-8F52EA95FDF2}.Debug|x64.Build.0 = Debug|Any CPU
		{0503566D-A5E0-49A0-BE9F-8F52EA95FDF2}.Debug|x86.ActiveCfg = Debug|Any CPU
		{0503566D-A5E0-49A0-BE9F-8F52EA95FDF2}.Debug|x86.Build.0 = Debug|Any CPU
		{0503566D-A5E0-49A0-BE9F-8F52EA95FDF2}.Release|Any CPU.ActiveCfg = Release|Any CPU
		{0503566D-A5E0-49A0-BE9F-8F52EA95FDF2}.Release|Any CPU.Build.0 = Release|Any CPU
		{0503566D-A5E0-49A0-BE9F-8F52EA95FDF2}.Release|x64.ActiveCfg = Release|Any CPU
		{0503566D-A5E0-49A0-BE9F-8F52EA95FDF2}.Release|x64.Build.0 = Release|Any CPU
		{0503566D-A5E0-49A0-BE9F-8F52EA95FDF2}.Release|x86.ActiveCfg = Release|Any CPU
		{0503566D-A5E0-49A0-BE9F-8F52EA95FDF2}.Release|x86.Build.0 = Release|Any CPU
		{D148FA58-A7B7-4F7F-9828-D599A8E20A7F}.Debug|Any CPU.ActiveCfg = Debug|Any CPU
		{D148FA58-A7B7-4F7F-9828-D599A8E20A7F}.Debug|Any CPU.Build.0 = Debug|Any CPU
		{D148FA58-A7B7-4F7F-9828-D599A8E20A7F}.Debug|x64.ActiveCfg = Debug|Any CPU
		{D148FA58-A7B7-4F7F-9828-D599A8E20A7F}.Debug|x64.Build.0 = Debug|Any CPU
		{D148FA58-A7B7-4F7F-9828-D599A8E20A7F}.Debug|x86.ActiveCfg = Debug|Any CPU
		{D148FA58-A7B7-4F7F-9828-D599A8E20A7F}.Debug|x86.Build.0 = Debug|Any CPU
		{D148FA58-A7B7-4F7F-9828-D599A8E20A7F}.Release|Any CPU.ActiveCfg = Release|Any CPU
		{D148FA58-A7B7-4F7F-9828-D599A8E20A7F}.Release|Any CPU.Build.0 = Release|Any CPU
		{D148FA58-A7B7-4F7F-9828-D599A8E20A7F}.Release|x64.ActiveCfg = Release|Any CPU
		{D148FA58-A7B7-4F7F-9828-D599A8E20A7F}.Release|x64.Build.0 = Release|Any CPU
		{D148FA58-A7B7-4F7F-9828-D599A8E20A7F}.Release|x86.ActiveCfg = Release|Any CPU
		{D148FA58-A7B7-4F7F-9828-D599A8E20A7F}.Release|x86.Build.0 = Release|Any CPU
		{65CD9C2F-2B29-427F-8EFD-4F49147C0E4C}.Debug|Any CPU.ActiveCfg = Debug|Any CPU
		{65CD9C2F-2B29-427F-8EFD-4F49147C0E4C}.Debug|Any CPU.Build.0 = Debug|Any CPU
		{65CD9C2F-2B29-427F-8EFD-4F49147C0E4C}.Debug|x64.ActiveCfg = Debug|Any CPU
		{65CD9C2F-2B29-427F-8EFD-4F49147C0E4C}.Debug|x64.Build.0 = Debug|Any CPU
		{65CD9C2F-2B29-427F-8EFD-4F49147C0E4C}.Debug|x86.ActiveCfg = Debug|Any CPU
		{65CD9C2F-2B29-427F-8EFD-4F49147C0E4C}.Debug|x86.Build.0 = Debug|Any CPU
		{65CD9C2F-2B29-427F-8EFD-4F49147C0E4C}.Release|Any CPU.ActiveCfg = Release|Any CPU
		{65CD9C2F-2B29-427F-8EFD-4F49147C0E4C}.Release|Any CPU.Build.0 = Release|Any CPU
		{65CD9C2F-2B29-427F-8EFD-4F49147C0E4C}.Release|x64.ActiveCfg = Release|Any CPU
		{65CD9C2F-2B29-427F-8EFD-4F49147C0E4C}.Release|x64.Build.0 = Release|Any CPU
		{65CD9C2F-2B29-427F-8EFD-4F49147C0E4C}.Release|x86.ActiveCfg = Release|Any CPU
		{65CD9C2F-2B29-427F-8EFD-4F49147C0E4C}.Release|x86.Build.0 = Release|Any CPU
		{B214A833-7017-49B8-9701-4825F5423D45}.Debug|Any CPU.ActiveCfg = Debug|Any CPU
		{B214A833-7017-49B8-9701-4825F5423D45}.Debug|Any CPU.Build.0 = Debug|Any CPU
		{B214A833-7017-49B8-9701-4825F5423D45}.Debug|x64.ActiveCfg = Debug|Any CPU
		{B214A833-7017-49B8-9701-4825F5423D45}.Debug|x64.Build.0 = Debug|Any CPU
		{B214A833-7017-49B8-9701-4825F5423D45}.Debug|x86.ActiveCfg = Debug|Any CPU
		{B214A833-7017-49B8-9701-4825F5423D45}.Debug|x86.Build.0 = Debug|Any CPU
		{B214A833-7017-49B8-9701-4825F5423D45}.Release|Any CPU.ActiveCfg = Release|Any CPU
		{B214A833-7017-49B8-9701-4825F5423D45}.Release|Any CPU.Build.0 = Release|Any CPU
		{B214A833-7017-49B8-9701-4825F5423D45}.Release|x64.ActiveCfg = Release|Any CPU
		{B214A833-7017-49B8-9701-4825F5423D45}.Release|x64.Build.0 = Release|Any CPU
		{B214A833-7017-49B8-9701-4825F5423D45}.Release|x86.ActiveCfg = Release|Any CPU
		{B214A833-7017-49B8-9701-4825F5423D45}.Release|x86.Build.0 = Release|Any CPU
		{D71A229E-E636-4B4F-B584-19E2ADC2F419}.Debug|Any CPU.ActiveCfg = Debug|Any CPU
		{D71A229E-E636-4B4F-B584-19E2ADC2F419}.Debug|Any CPU.Build.0 = Debug|Any CPU
		{D71A229E-E636-4B4F-B584-19E2ADC2F419}.Debug|x64.ActiveCfg = Debug|Any CPU
		{D71A229E-E636-4B4F-B584-19E2ADC2F419}.Debug|x64.Build.0 = Debug|Any CPU
		{D71A229E-E636-4B4F-B584-19E2ADC2F419}.Debug|x86.ActiveCfg = Debug|Any CPU
		{D71A229E-E636-4B4F-B584-19E2ADC2F419}.Debug|x86.Build.0 = Debug|Any CPU
		{D71A229E-E636-4B4F-B584-19E2ADC2F419}.Release|Any CPU.ActiveCfg = Release|Any CPU
		{D71A229E-E636-4B4F-B584-19E2ADC2F419}.Release|Any CPU.Build.0 = Release|Any CPU
		{D71A229E-E636-4B4F-B584-19E2ADC2F419}.Release|x64.ActiveCfg = Release|Any CPU
		{D71A229E-E636-4B4F-B584-19E2ADC2F419}.Release|x64.Build.0 = Release|Any CPU
		{D71A229E-E636-4B4F-B584-19E2ADC2F419}.Release|x86.ActiveCfg = Release|Any CPU
		{D71A229E-E636-4B4F-B584-19E2ADC2F419}.Release|x86.Build.0 = Release|Any CPU
		{F66C79F6-43E8-4BFC-9F59-7DD0C0BE1BBE}.Debug|Any CPU.ActiveCfg = Debug|Any CPU
		{F66C79F6-43E8-4BFC-9F59-7DD0C0BE1BBE}.Debug|Any CPU.Build.0 = Debug|Any CPU
		{F66C79F6-43E8-4BFC-9F59-7DD0C0BE1BBE}.Debug|x64.ActiveCfg = Debug|Any CPU
		{F66C79F6-43E8-4BFC-9F59-7DD0C0BE1BBE}.Debug|x64.Build.0 = Debug|Any CPU
		{F66C79F6-43E8-4BFC-9F59-7DD0C0BE1BBE}.Debug|x86.ActiveCfg = Debug|Any CPU
		{F66C79F6-43E8-4BFC-9F59-7DD0C0BE1BBE}.Debug|x86.Build.0 = Debug|Any CPU
		{F66C79F6-43E8-4BFC-9F59-7DD0C0BE1BBE}.Release|Any CPU.ActiveCfg = Release|Any CPU
		{F66C79F6-43E8-4BFC-9F59-7DD0C0BE1BBE}.Release|Any CPU.Build.0 = Release|Any CPU
		{F66C79F6-43E8-4BFC-9F59-7DD0C0BE1BBE}.Release|x64.ActiveCfg = Release|Any CPU
		{F66C79F6-43E8-4BFC-9F59-7DD0C0BE1BBE}.Release|x64.Build.0 = Release|Any CPU
		{F66C79F6-43E8-4BFC-9F59-7DD0C0BE1BBE}.Release|x86.ActiveCfg = Release|Any CPU
		{F66C79F6-43E8-4BFC-9F59-7DD0C0BE1BBE}.Release|x86.Build.0 = Release|Any CPU
		{A04EDFDE-CE2D-4BEF-A339-97B244E054BA}.Debug|Any CPU.ActiveCfg = Debug|Any CPU
		{A04EDFDE-CE2D-4BEF-A339-97B244E054BA}.Debug|Any CPU.Build.0 = Debug|Any CPU
		{A04EDFDE-CE2D-4BEF-A339-97B244E054BA}.Debug|x64.ActiveCfg = Debug|Any CPU
		{A04EDFDE-CE2D-4BEF-A339-97B244E054BA}.Debug|x64.Build.0 = Debug|Any CPU
		{A04EDFDE-CE2D-4BEF-A339-97B244E054BA}.Debug|x86.ActiveCfg = Debug|Any CPU
		{A04EDFDE-CE2D-4BEF-A339-97B244E054BA}.Debug|x86.Build.0 = Debug|Any CPU
		{A04EDFDE-CE2D-4BEF-A339-97B244E054BA}.Release|Any CPU.ActiveCfg = Release|Any CPU
		{A04EDFDE-CE2D-4BEF-A339-97B244E054BA}.Release|Any CPU.Build.0 = Release|Any CPU
		{A04EDFDE-CE2D-4BEF-A339-97B244E054BA}.Release|x64.ActiveCfg = Release|Any CPU
		{A04EDFDE-CE2D-4BEF-A339-97B244E054BA}.Release|x64.Build.0 = Release|Any CPU
		{A04EDFDE-CE2D-4BEF-A339-97B244E054BA}.Release|x86.ActiveCfg = Release|Any CPU
		{A04EDFDE-CE2D-4BEF-A339-97B244E054BA}.Release|x86.Build.0 = Release|Any CPU
		{0FCAEE23-0DEC-4174-AC44-326E1B2A3A5E}.Debug|Any CPU.ActiveCfg = Debug|Any CPU
		{0FCAEE23-0DEC-4174-AC44-326E1B2A3A5E}.Debug|Any CPU.Build.0 = Debug|Any CPU
		{0FCAEE23-0DEC-4174-AC44-326E1B2A3A5E}.Debug|x64.ActiveCfg = Debug|Any CPU
		{0FCAEE23-0DEC-4174-AC44-326E1B2A3A5E}.Debug|x64.Build.0 = Debug|Any CPU
		{0FCAEE23-0DEC-4174-AC44-326E1B2A3A5E}.Debug|x86.ActiveCfg = Debug|Any CPU
		{0FCAEE23-0DEC-4174-AC44-326E1B2A3A5E}.Debug|x86.Build.0 = Debug|Any CPU
		{0FCAEE23-0DEC-4174-AC44-326E1B2A3A5E}.Release|Any CPU.ActiveCfg = Release|Any CPU
		{0FCAEE23-0DEC-4174-AC44-326E1B2A3A5E}.Release|Any CPU.Build.0 = Release|Any CPU
		{0FCAEE23-0DEC-4174-AC44-326E1B2A3A5E}.Release|x64.ActiveCfg = Release|Any CPU
		{0FCAEE23-0DEC-4174-AC44-326E1B2A3A5E}.Release|x64.Build.0 = Release|Any CPU
		{0FCAEE23-0DEC-4174-AC44-326E1B2A3A5E}.Release|x86.ActiveCfg = Release|Any CPU
		{0FCAEE23-0DEC-4174-AC44-326E1B2A3A5E}.Release|x86.Build.0 = Release|Any CPU
		{50040ECA-5BBA-4422-968A-8DD21AA03007}.Debug|Any CPU.ActiveCfg = Debug|Any CPU
		{50040ECA-5BBA-4422-968A-8DD21AA03007}.Debug|Any CPU.Build.0 = Debug|Any CPU
		{50040ECA-5BBA-4422-968A-8DD21AA03007}.Debug|x64.ActiveCfg = Debug|Any CPU
		{50040ECA-5BBA-4422-968A-8DD21AA03007}.Debug|x64.Build.0 = Debug|Any CPU
		{50040ECA-5BBA-4422-968A-8DD21AA03007}.Debug|x86.ActiveCfg = Debug|Any CPU
		{50040ECA-5BBA-4422-968A-8DD21AA03007}.Debug|x86.Build.0 = Debug|Any CPU
		{50040ECA-5BBA-4422-968A-8DD21AA03007}.Release|Any CPU.ActiveCfg = Release|Any CPU
		{50040ECA-5BBA-4422-968A-8DD21AA03007}.Release|Any CPU.Build.0 = Release|Any CPU
		{50040ECA-5BBA-4422-968A-8DD21AA03007}.Release|x64.ActiveCfg = Release|Any CPU
		{50040ECA-5BBA-4422-968A-8DD21AA03007}.Release|x64.Build.0 = Release|Any CPU
		{50040ECA-5BBA-4422-968A-8DD21AA03007}.Release|x86.ActiveCfg = Release|Any CPU
		{50040ECA-5BBA-4422-968A-8DD21AA03007}.Release|x86.Build.0 = Release|Any CPU
		{8E2F1B4A-9C3D-4F5E-A1B2-C3D4E5F60718}.Debug|Any CPU.ActiveCfg = Debug|Any CPU
		{8E2F1B4A-9C3D-4F5E-A1B2-C3D4E5F60718}.Debug|Any CPU.Build.0 = Debug|Any CPU
		{8E2F1B4A-9C3D-4F5E-A1B2-C3D4E5F60718}.Debug|x64.ActiveCfg = Debug|Any CPU
		{8E2F1B4A-9C3D-4F5E-A1B2-C3D4E5F60718}.Debug|x64.Build.0 = Debug|Any CPU
		{8E2F1B4A-9C3D-4F5E-A1B2-C3D4E5F60718}.Debug|x86.ActiveCfg = Debug|Any CPU
		{8E2F1B4A-9C3D-4F5E-A1B2-C3D4E5F60718}.Debug|x86.Build.0 = Debug|Any CPU
		{8E2F1B4A-9C3D-4F5E-A1B2-C3D4E5F60718}.Release|Any CPU.ActiveCfg = Release|Any CPU
		{8E2F1B4A-9C3D-4F5E-A1B2-C3D4E5F60718}.Release|Any CPU.Build.0 = Release|Any CPU
		{8E2F1B4A-9C3D-4F5E-A1B2-C3D4E5F60718}.Release|x64.ActiveCfg = Release|Any CPU
		{8E2F1B4A-9C3D-4F5E-A1B2-C3D4E5F60718}.Release|x64.Build.0 = Release|Any CPU
		{8E2F1B4A-9C3D-4F5E-A1B2-C3D4E5F60718}.Release|x86.ActiveCfg = Release|Any CPU
		{8E2F1B4A-9C3D-4F5E-A1B2-C3D4E5F60718}.Release|x86.Build.0 = Release|Any CPU
		{436066CA-C2D3-48B2-BA97-8BAAC99110D1}.Debug|Any CPU.ActiveCfg = Debug|Any CPU
		{436066CA-C2D3-48B2-BA97-8BAAC99110D1}.Debug|Any CPU.Build.0 = Debug|Any CPU
		{436066CA-C2D3-48B2-BA97-8BAAC99110D1}.Debug|x64.ActiveCfg = Debug|Any CPU
		{436066CA-C2D3-48B2-BA97-8BAAC99110D1}.Debug|x64.Build.0 = Debug|Any CPU
		{436066CA-C2D3-48B2-BA97-8BAAC99110D1}.Debug|x86.ActiveCfg = Debug|Any CPU
		{436066CA-C2D3-48B2-BA97-8BAAC99110D1}.Debug|x86.Build.0 = Debug|Any CPU
		{436066CA-C2D3-48B2-BA97-8BAAC99110D1}.Release|Any CPU.ActiveCfg = Release|Any CPU
		{436066CA-C2D3-48B2-BA97-8BAAC99110D1}.Release|Any CPU.Build.0 = Release|Any CPU
		{436066CA-C2D3-48B2-BA97-8BAAC99110D1}.Release|x64.ActiveCfg = Release|Any CPU
		{436066CA-C2D3-48B2-BA97-8BAAC99110D1}.Release|x64.Build.0 = Release|Any CPU
		{436066CA-C2D3-48B2-BA97-8BAAC99110D1}.Release|x86.ActiveCfg = Release|Any CPU
		{436066CA-C2D3-48B2-BA97-8BAAC99110D1}.Release|x86.Build.0 = Release|Any CPU
		{7F0262F9-0772-40CA-B370-AD14DE8CF687}.Debug|Any CPU.ActiveCfg = Debug|Any CPU
		{7F0262F9-0772-40CA-B370-AD14DE8CF687}.Debug|Any CPU.Build.0 = Debug|Any CPU
		{7F0262F9-0772-40CA-B370-AD14DE8CF687}.Debug|x64.ActiveCfg = Debug|Any CPU
		{7F0262F9-0772-40CA-B370-AD14DE8CF687}.Debug|x64.Build.0 = Debug|Any CPU
		{7F0262F9-0772-40CA-B370-AD14DE8CF687}.Debug|x86.ActiveCfg = Debug|Any CPU
		{7F0262F9-0772-40CA-B370-AD14DE8CF687}.Debug|x86.Build.0 = Debug|Any CPU
		{7F0262F9-0772-40CA-B370-AD14DE8CF687}.Release|Any CPU.ActiveCfg = Release|Any CPU
		{7F0262F9-0772-40CA-B370-AD14DE8CF687}.Release|Any CPU.Build.0 = Release|Any CPU
		{7F0262F9-0772-40CA-B370-AD14DE8CF687}.Release|x64.ActiveCfg = Release|Any CPU
		{7F0262F9-0772-40CA-B370-AD14DE8CF687}.Release|x64.Build.0 = Release|Any CPU
		{7F0262F9-0772-40CA-B370-AD14DE8CF687}.Release|x86.ActiveCfg = Release|Any CPU
		{7F0262F9-0772-40CA-B370-AD14DE8CF687}.Release|x86.Build.0 = Release|Any CPU
		{6832CA7D-7424-4E41-829C-4AFF41E03AF9}.Debug|Any CPU.ActiveCfg = Debug|Any CPU
		{6832CA7D-7424-4E41-829C-4AFF41E03AF9}.Debug|Any CPU.Build.0 = Debug|Any CPU
		{6832CA7D-7424-4E41-829C-4AFF41E03AF9}.Debug|x64.ActiveCfg = Debug|Any CPU
		{6832CA7D-7424-4E41-829C-4AFF41E03AF9}.Debug|x64.Build.0 = Debug|Any CPU
		{6832CA7D-7424-4E41-829C-4AFF41E03AF9}.Debug|x86.ActiveCfg = Debug|Any CPU
		{6832CA7D-7424-4E41-829C-4AFF41E03AF9}.Debug|x86.Build.0 = Debug|Any CPU
		{6832CA7D-7424-4E41-829C-4AFF41E03AF9}.Release|Any CPU.ActiveCfg = Release|Any CPU
		{6832CA7D-7424-4E41-829C-4AFF41E03AF9}.Release|Any CPU.Build.0 = Release|Any CPU
		{6832CA7D-7424-4E41-829C-4AFF41E03AF9}.Release|x64.ActiveCfg = Release|Any CPU
		{6832CA7D-7424-4E41-829C-4AFF41E03AF9}.Release|x64.Build.0 = Release|Any CPU
		{6832CA7D-7424-4E41-829C-4AFF41E03AF9}.Release|x86.ActiveCfg = Release|Any CPU
		{6832CA7D-7424-4E41-829C-4AFF41E03AF9}.Release|x86.Build.0 = Release|Any CPU
		{CA7408B8-D188-4F3D-8C38-16F82DAE081A}.Debug|Any CPU.ActiveCfg = Debug|Any CPU
		{CA7408B8-D188-4F3D-8C38-16F82DAE081A}.Debug|Any CPU.Build.0 = Debug|Any CPU
		{CA7408B8-D188-4F3D-8C38-16F82DAE081A}.Debug|x64.ActiveCfg = Debug|Any CPU
		{CA7408B8-D188-4F3D-8C38-16F82DAE081A}.Debug|x64.Build.0 = Debug|Any CPU
		{CA7408B8-D188-4F3D-8C38-16F82DAE081A}.Debug|x86.ActiveCfg = Debug|Any CPU
		{CA7408B8-D188-4F3D-8C38-16F82DAE081A}.Debug|x86.Build.0 = Debug|Any CPU
		{CA7408B8-D188-4F3D-8C38-16F82DAE081A}.Release|Any CPU.ActiveCfg = Release|Any CPU
		{CA7408B8-D188-4F3D-8C38-16F82DAE081A}.Release|Any CPU.Build.0 = Release|Any CPU
		{CA7408B8-D188-4F3D-8C38-16F82DAE081A}.Release|x64.ActiveCfg = Release|Any CPU
		{CA7408B8-D188-4F3D-8C38-16F82DAE081A}.Release|x64.Build.0 = Release|Any CPU
		{CA7408B8-D188-4F3D-8C38-16F82DAE081A}.Release|x86.ActiveCfg = Release|Any CPU
		{CA7408B8-D188-4F3D-8C38-16F82DAE081A}.Release|x86.Build.0 = Release|Any CPU
		{7C8D9E0F-1A2B-4C3D-9E4F-5A6B7C8D9E0F}.Debug|Any CPU.ActiveCfg = Debug|Any CPU
		{7C8D9E0F-1A2B-4C3D-9E4F-5A6B7C8D9E0F}.Debug|Any CPU.Build.0 = Debug|Any CPU
		{7C8D9E0F-1A2B-4C3D-9E4F-5A6B7C8D9E0F}.Debug|x64.ActiveCfg = Debug|Any CPU
		{7C8D9E0F-1A2B-4C3D-9E4F-5A6B7C8D9E0F}.Debug|x64.Build.0 = Debug|Any CPU
		{7C8D9E0F-1A2B-4C3D-9E4F-5A6B7C8D9E0F}.Debug|x86.ActiveCfg = Debug|Any CPU
		{7C8D9E0F-1A2B-4C3D-9E4F-5A6B7C8D9E0F}.Debug|x86.Build.0 = Debug|Any CPU
		{7C8D9E0F-1A2B-4C3D-9E4F-5A6B7C8D9E0F}.Release|Any CPU.ActiveCfg = Release|Any CPU
		{7C8D9E0F-1A2B-4C3D-9E4F-5A6B7C8D9E0F}.Release|Any CPU.Build.0 = Release|Any CPU
		{7C8D9E0F-1A2B-4C3D-9E4F-5A6B7C8D9E0F}.Release|x64.ActiveCfg = Release|Any CPU
		{7C8D9E0F-1A2B-4C3D-9E4F-5A6B7C8D9E0F}.Release|x64.Build.0 = Release|Any CPU
		{7C8D9E0F-1A2B-4C3D-9E4F-5A6B7C8D9E0F}.Release|x86.ActiveCfg = Release|Any CPU
		{7C8D9E0F-1A2B-4C3D-9E4F-5A6B7C8D9E0F}.Release|x86.Build.0 = Release|Any CPU
	EndGlobalSection
	GlobalSection(SolutionProperties) = preSolution
		HideSolutionNode = FALSE
	EndGlobalSection
	GlobalSection(NestedProjects) = preSolution
		{1B436538-B155-4982-9ED1-B8B2624EA3E3} = {E40D0571-3869-F603-5E03-8A2AE0D6020E}
		{9C65FBBB-BCE8-453A-B4E2-BAAE4E4A9CA2} = {E40D0571-3869-F603-5E03-8A2AE0D6020E}
		{4EC91FBF-F3FA-403C-987C-843A51074A1C} = {E40D0571-3869-F603-5E03-8A2AE0D6020E}
		{FB3381A2-918E-4F94-9E2A-CCBD95413267} = {E40D0571-3869-F603-5E03-8A2AE0D6020E}
		{EE280EBE-A9B7-4D7E-B4A6-39F5054280FD} = {E40D0571-3869-F603-5E03-8A2AE0D6020E}
		{3098B4CF-531E-49FA-AB61-92D4A2AC5EA8} = {E40D0571-3869-F603-5E03-8A2AE0D6020E}
		{CE0CBFEB-D815-4C78-B9DD-FF6C1A2B2D84} = {E40D0571-3869-F603-5E03-8A2AE0D6020E}
		{049CE660-E424-4817-9CA6-E0136C795F0B} = {23581C7F-FFCC-655F-DE3E-18781CC3BE4A}
		{FA06978B-B7E5-48C1-9C93-204525E88842} = {23581C7F-FFCC-655F-DE3E-18781CC3BE4A}
		{6F0B66DE-1AD8-41CC-8714-059C200233E1} = {23581C7F-FFCC-655F-DE3E-18781CC3BE4A}
		{F825F9D1-6E0A-4D4B-B31B-8DE9B2051B1E} = {23581C7F-FFCC-655F-DE3E-18781CC3BE4A}
		{606EAA05-6E4E-4D6F-93C7-D0A69FA42E61} = {23581C7F-FFCC-655F-DE3E-18781CC3BE4A}
		{98C07313-0308-4BE3-9314-D901065AE497} = {23581C7F-FFCC-655F-DE3E-18781CC3BE4A}
		{1AC89283-6AF3-42F7-AD4A-258C5DACB81F} = {23581C7F-FFCC-655F-DE3E-18781CC3BE4A}
		{9582DA8C-0BBD-49A7-A705-A6BFEFFA5977} = {20E29315-56A6-530F-133D-923683DFD77C}
		{90817BCF-8ECB-4A57-8442-279114EDFB91} = {20E29315-56A6-530F-133D-923683DFD77C}
		{65886486-106C-4D32-9373-4B4CC0C762AD} = {20E29315-56A6-530F-133D-923683DFD77C}
		{6C3FA5BF-979D-413F-8832-64961595A465} = {20E29315-56A6-530F-133D-923683DFD77C}
		{AE7C61F4-F8FE-48CA-A04A-E1370D505741} = {20E29315-56A6-530F-133D-923683DFD77C}
		{7EDB45B3-0DFE-4B56-9863-2EC9A91A6187} = {20E29315-56A6-530F-133D-923683DFD77C}
		{A0DEEEC5-8D45-433C-A9D9-3DA891C0DC80} = {20E29315-56A6-530F-133D-923683DFD77C}
		{632ACC14-9A23-4938-987C-193213660352} = {20E29315-56A6-530F-133D-923683DFD77C}
		{D6CC1441-42DE-416E-B5E3-53248B694F95} = {20E29315-56A6-530F-133D-923683DFD77C}
		{BD7B5CD2-44EC-48AD-860B-A0536E606986} = {A2E62030-E7CA-6997-0634-1743D3ECE821}
		{789CFAA3-FE2D-4BD1-9E53-3FBC83C158DB} = {A2E62030-E7CA-6997-0634-1743D3ECE821}
		{0503566D-A5E0-49A0-BE9F-8F52EA95FDF2} = {A2E62030-E7CA-6997-0634-1743D3ECE821}
		{D148FA58-A7B7-4F7F-9828-D599A8E20A7F} = {10B179C3-4CE1-EBBC-BC14-CDBF2CB30948}
		{65CD9C2F-2B29-427F-8EFD-4F49147C0E4C} = {10B179C3-4CE1-EBBC-BC14-CDBF2CB30948}
		{B214A833-7017-49B8-9701-4825F5423D45} = {10B179C3-4CE1-EBBC-BC14-CDBF2CB30948}
		{D71A229E-E636-4B4F-B584-19E2ADC2F419} = {10B179C3-4CE1-EBBC-BC14-CDBF2CB30948}
		{F66C79F6-43E8-4BFC-9F59-7DD0C0BE1BBE} = {10B179C3-4CE1-EBBC-BC14-CDBF2CB30948}
		{A04EDFDE-CE2D-4BEF-A339-97B244E054BA} = {10B179C3-4CE1-EBBC-BC14-CDBF2CB30948}
		{0FCAEE23-0DEC-4174-AC44-326E1B2A3A5E} = {10B179C3-4CE1-EBBC-BC14-CDBF2CB30948}
		{50040ECA-5BBA-4422-968A-8DD21AA03007} = {10B179C3-4CE1-EBBC-BC14-CDBF2CB30948}
		{8E2F1B4A-9C3D-4F5E-A1B2-C3D4E5F60718} = {10B179C3-4CE1-EBBC-BC14-CDBF2CB30948}
		{436066CA-C2D3-48B2-BA97-8BAAC99110D1} = {10B179C3-4CE1-EBBC-BC14-CDBF2CB30948}
		{7F0262F9-0772-40CA-B370-AD14DE8CF687} = {F3886E0C-07C2-A4CA-CDE9-1BCBE9350231}
		{6832CA7D-7424-4E41-829C-4AFF41E03AF9} = {F3886E0C-07C2-A4CA-CDE9-1BCBE9350231}
		{CA7408B8-D188-4F3D-8C38-16F82DAE081A} = {F3886E0C-07C2-A4CA-CDE9-1BCBE9350231}
		{7C8D9E0F-1A2B-4C3D-9E4F-5A6B7C8D9E0F} = {F3886E0C-07C2-A4CA-CDE9-1BCBE9350231}
	EndGlobalSection
EndGlobal
